{
  "name": "@writetome51/array-get-shuffled",
  "version": "1.0.0",
  "lockfileVersion": 1,
  "requires": true,
  "dependencies": {
    "@writetome51/array-and-index-validation": {
      "version": "1.0.0",
      "resolved": "https://registry.npmjs.org/@writetome51/array-and-index-validation/-/array-and-index-validation-1.0.0.tgz",
      "integrity": "sha512-tlRCgXC/UNwtjiiot9QZot8uNG99jvluUSJe0tNxY5LGKEBU8DHZN/yh1OfkVnrrXWjWTmtISv5SM32LtXRWXg==",
      "requires": {
        "basic-data-handling": "^1.0.10"
      }
    },
    "@writetome51/array-non-modifying-getters-basic": {
      "version": "1.0.1",
      "resolved": "https://registry.npmjs.org/@writetome51/array-non-modifying-getters-basic/-/array-non-modifying-getters-basic-1.0.1.tgz",
      "integrity": "sha512-2cZlzunLQ/ZB9a8QuaVQNlltGBryXG8zAeKfV1WQw1MxnXTMn7DHEVN8OV127EO35ffK5gQLqMybBzWC/jAaug==",
      "requires": {
        "@writetome51/array-and-index-validation": "^1.0.0",
        "basic-data-handling": "^1.0.10"
      }
    },
    "@writetome51/get-random-integer-s": {
      "version": "1.0.0",
      "resolved": "https://registry.npmjs.org/@writetome51/get-random-integer-s/-/get-random-integer-s-1.0.0.tgz",
      "integrity": "sha512-z8Nuq75fUZPQrZEox09+pI3xVKfoq8VLyyea1CyXV+M5cqiyC9qeIhcVi9XwC4DRG2x+CR4o7VUOyzhB4IUafg==",
      "requires": {
        "@writetome51/get-rounded-up-down": "^1.0.0",
        "basic-data-handling": "^1.0.10"
      }
    },
    "@writetome51/get-rounded-up-down": {
      "version": "1.0.0",
      "resolved": "https://registry.npmjs.org/@writetome51/get-rounded-up-down/-/get-rounded-up-down-1.0.0.tgz",
      "integrity": "sha512-BgoQJGEA2epwsyfvHHIbyg9cm4K/1l8ohsxipNtckWeYrw4B6AtuVerPWNixar/e3oEcqBOXV1O3nVJbj2ICRA=="
    },
    "basic-data-handling": {
      "version": "1.0.10",
      "resolved": "https://registry.npmjs.org/basic-data-handling/-/basic-data-handling-1.0.10.tgz",
      "integrity": "sha512-NKsdi16famaztrlVVmo7ee364OHtziB9rOjURERR/bicutlgKwSgoTQjusOnrJYha/mW7HbjcKwU3TZ7td0mdg=="
    }
  }
}
